<Solution>
  <Project Path="WorkshopAdmin.API/WorkshopAdmin.API.csproj" />
  <Project Path="WorkshopAdmin.Application/WorkshopAdmin.Application.csproj" />
  <Project Path="WorkshopAdmin.Domain/WorkshopAdmin.Domain.csproj" />
  <Project Path="WorkshopAdmin.Infrastructure/WorkshopAdmin.Infrastructure.csproj" />
  <Project Path="WorkshopAdmin.Tests/WorkshopAdmin.Tests.csproj" />
</Solution>
